
Microsoft Visual Studio Solution File, Format Version 10.00
# Visual Studio 2008
Project("{8BC9CEB8-8B4A-11D0-8D11-00A0C91BC942}") = "绘图程序", "绘图程序.vcproj", "{941C53DB-396D-4B68-879B-AD5093CB2C97}"
EndProject
Global
	GlobalSection(SolutionConfigurationPlatforms) = preSolution
		Debug|Win32 = Debug|Win32
		Release|Win32 = Release|Win32
	EndGlobalSection
	GlobalSection(ProjectConfigurationPlatforms) = postSolution
		{941C53DB-396D-4B68-879B-AD5093CB2C97}.Debug|Win32.ActiveCfg = Debug|Win32
		{941C53DB-396D-4B68-879B-AD5093CB2C97}.Debug|Win32.Build.0 = Debug|Win32
		{941C53DB-396D-4B68-879B-AD5093CB2C97}.Release|Win32.ActiveCfg = Release|Win32
		{941C53DB-396D-4B68-879B-AD5093CB2C97}.Release|Win32.Build.0 = Release|Win32
	EndGlobalSection
	GlobalSection(SolutionProperties) = preSolution
		HideSolutionNode = FALSE
	EndGlobalSection
EndGlobal
