
Microsoft Visual Studio Solution File, Format Version 11.00
# Visual Studio 2010
Project("{8BC9CEB8-8B4A-11D0-8D11-00A0C91BC942}") = "OverlayIcon", "OverlayIcon\OverlayIcon.vcxproj", "{D2B362B6-20E3-449C-9778-231B0809819E}"
EndProject
Global
	GlobalSection(SolutionConfigurationPlatforms) = preSolution
		Debug|Win32 = Debug|Win32
		Release|Win32 = Release|Win32
	EndGlobalSection
	GlobalSection(ProjectConfigurationPlatforms) = postSolution
		{D2B362B6-20E3-449C-9778-231B0809819E}.Debug|Win32.ActiveCfg = Debug|Win32
		{D2B362B6-20E3-449C-9778-231B0809819E}.Debug|Win32.Build.0 = Debug|Win32
		{D2B362B6-20E3-449C-9778-231B0809819E}.Release|Win32.ActiveCfg = Release|Win32
		{D2B362B6-20E3-449C-9778-231B0809819E}.Release|Win32.Build.0 = Release|Win32
	EndGlobalSection
	GlobalSection(SolutionProperties) = preSolution
		HideSolutionNode = FALSE
	EndGlobalSection
EndGlobal
