
Microsoft Visual Studio Solution File, Format Version 10.00
# Visual Studio 2008
Project("{8BC9CEB8-8B4A-11D0-8D11-00A0C91BC942}") = "XXR－并行IHS", "并行IHS融合\XXR－并行IHS.vcproj", "{6ADC3ECC-28F2-41C9-BE0B-C84C366859AD}"
EndProject
Project("{8BC9CEB8-8B4A-11D0-8D11-00A0C91BC942}") = "XXR-good-并行测试PCA", "并行PCA融合\XXR-good-并行测试PCA.vcproj", "{90EAAA4C-BD49-4B7E-9CA3-AB960AB3554A}"
EndProject
Project("{8BC9CEB8-8B4A-11D0-8D11-00A0C91BC942}") = "很好并行NewXXR-WaveFusion14", "并行小波融合\很好并行NewXXR-WaveFusion14.vcproj", "{8CD4C40B-68D5-4888-8D32-037EEB9E827A}"
EndProject
Project("{2150E333-8FDC-42A3-9474-1A3956D46DE8}") = "Fusion", "Fusion", "{8227C360-DD25-4D21-9303-4687139705FA}"
EndProject
Project("{2150E333-8FDC-42A3-9474-1A3956D46DE8}") = "评估", "评估", "{0B66422A-36D5-4CA1-81D3-3EDF35435CB3}"
EndProject
Project("{8BC9CEB8-8B4A-11D0-8D11-00A0C91BC942}") = "XXR-StandardDeviationFE", "并行融合评估－正式\最终正式\最终正式-(标准差）并行Fusion性能估计\XXR-StandardDeviationFE.vcproj", "{F833EA11-3621-4FA3-ADD7-C99B8E69689D}"
EndProject
Project("{8BC9CEB8-8B4A-11D0-8D11-00A0C91BC942}") = "XXR- DeviationExponentialFE", "并行融合评估－正式\最终正式\最终正式-（偏差指数）-并行Fusion性能估计\XXR- DeviationExponentialFE.vcproj", "{3446C6DB-3491-4001-9C7C-84D9F8472CB9}"
EndProject
Project("{8BC9CEB8-8B4A-11D0-8D11-00A0C91BC942}") = "XXR-RelatedCoefficientFEP", "并行融合评估－正式\最终正式\最终正式-（相关系数）并行Fusion性能估计\XXR-RelatedCoefficientFEP.vcproj", "{8F571C99-1FAE-4B97-8BD5-F49FAC4D8418}"
EndProject
Project("{8BC9CEB8-8B4A-11D0-8D11-00A0C91BC942}") = "XXR-ClarityFE", "并行融合评估－正式\最终正式\最终正式－清晰度-并行Fusion性能估计\XXR-ClarityFE.vcproj", "{2AC93F4E-235A-4241-95A1-BED90F583CA5}"
EndProject
Project("{2150E333-8FDC-42A3-9474-1A3956D46DE8}") = "OtherMPI", "OtherMPI", "{A43CBD57-0A08-4E5A-80EB-5D0E4324E5BC}"
EndProject
Project("{8BC9CEB8-8B4A-11D0-8D11-00A0C91BC942}") = "CalcPI", "CalcPI\CalcPI.vcproj", "{46DF2D9D-4E7D-49FB-98B2-1899451D203D}"
EndProject
Project("{8BC9CEB8-8B4A-11D0-8D11-00A0C91BC942}") = "helloworld", "helloworld\helloworld.vcproj", "{4D9BEC74-98F3-4756-A1B9-A2A4D43EDAAB}"
EndProject
Global
	GlobalSection(SolutionConfigurationPlatforms) = preSolution
		Debug|Win32 = Debug|Win32
		Release|Win32 = Release|Win32
	EndGlobalSection
	GlobalSection(ProjectConfigurationPlatforms) = postSolution
		{6ADC3ECC-28F2-41C9-BE0B-C84C366859AD}.Debug|Win32.ActiveCfg = Debug|Win32
		{6ADC3ECC-28F2-41C9-BE0B-C84C366859AD}.Debug|Win32.Build.0 = Debug|Win32
		{6ADC3ECC-28F2-41C9-BE0B-C84C366859AD}.Release|Win32.ActiveCfg = Release|Win32
		{6ADC3ECC-28F2-41C9-BE0B-C84C366859AD}.Release|Win32.Build.0 = Release|Win32
		{90EAAA4C-BD49-4B7E-9CA3-AB960AB3554A}.Debug|Win32.ActiveCfg = Debug|Win32
		{90EAAA4C-BD49-4B7E-9CA3-AB960AB3554A}.Debug|Win32.Build.0 = Debug|Win32
		{90EAAA4C-BD49-4B7E-9CA3-AB960AB3554A}.Release|Win32.ActiveCfg = Release|Win32
		{90EAAA4C-BD49-4B7E-9CA3-AB960AB3554A}.Release|Win32.Build.0 = Release|Win32
		{8CD4C40B-68D5-4888-8D32-037EEB9E827A}.Debug|Win32.ActiveCfg = Debug|Win32
		{8CD4C40B-68D5-4888-8D32-037EEB9E827A}.Debug|Win32.Build.0 = Debug|Win32
		{8CD4C40B-68D5-4888-8D32-037EEB9E827A}.Release|Win32.ActiveCfg = Release|Win32
		{8CD4C40B-68D5-4888-8D32-037EEB9E827A}.Release|Win32.Build.0 = Release|Win32
		{F833EA11-3621-4FA3-ADD7-C99B8E69689D}.Debug|Win32.ActiveCfg = Debug|Win32
		{F833EA11-3621-4FA3-ADD7-C99B8E69689D}.Debug|Win32.Build.0 = Debug|Win32
		{F833EA11-3621-4FA3-ADD7-C99B8E69689D}.Release|Win32.ActiveCfg = Release|Win32
		{F833EA11-3621-4FA3-ADD7-C99B8E69689D}.Release|Win32.Build.0 = Release|Win32
		{3446C6DB-3491-4001-9C7C-84D9F8472CB9}.Debug|Win32.ActiveCfg = Debug|Win32
		{3446C6DB-3491-4001-9C7C-84D9F8472CB9}.Debug|Win32.Build.0 = Debug|Win32
		{3446C6DB-3491-4001-9C7C-84D9F8472CB9}.Release|Win32.ActiveCfg = Release|Win32
		{3446C6DB-3491-4001-9C7C-84D9F8472CB9}.Release|Win32.Build.0 = Release|Win32
		{8F571C99-1FAE-4B97-8BD5-F49FAC4D8418}.Debug|Win32.ActiveCfg = Debug|Win32
		{8F571C99-1FAE-4B97-8BD5-F49FAC4D8418}.Debug|Win32.Build.0 = Debug|Win32
		{8F571C99-1FAE-4B97-8BD5-F49FAC4D8418}.Release|Win32.ActiveCfg = Release|Win32
		{8F571C99-1FAE-4B97-8BD5-F49FAC4D8418}.Release|Win32.Build.0 = Release|Win32
		{2AC93F4E-235A-4241-95A1-BED90F583CA5}.Debug|Win32.ActiveCfg = Debug|Win32
		{2AC93F4E-235A-4241-95A1-BED90F583CA5}.Debug|Win32.Build.0 = Debug|Win32
		{2AC93F4E-235A-4241-95A1-BED90F583CA5}.Release|Win32.ActiveCfg = Release|Win32
		{2AC93F4E-235A-4241-95A1-BED90F583CA5}.Release|Win32.Build.0 = Release|Win32
		{46DF2D9D-4E7D-49FB-98B2-1899451D203D}.Debug|Win32.ActiveCfg = Debug|Win32
		{46DF2D9D-4E7D-49FB-98B2-1899451D203D}.Debug|Win32.Build.0 = Debug|Win32
		{46DF2D9D-4E7D-49FB-98B2-1899451D203D}.Release|Win32.ActiveCfg = Release|Win32
		{46DF2D9D-4E7D-49FB-98B2-1899451D203D}.Release|Win32.Build.0 = Release|Win32
		{4D9BEC74-98F3-4756-A1B9-A2A4D43EDAAB}.Debug|Win32.ActiveCfg = Debug|Win32
		{4D9BEC74-98F3-4756-A1B9-A2A4D43EDAAB}.Debug|Win32.Build.0 = Debug|Win32
		{4D9BEC74-98F3-4756-A1B9-A2A4D43EDAAB}.Release|Win32.ActiveCfg = Release|Win32
		{4D9BEC74-98F3-4756-A1B9-A2A4D43EDAAB}.Release|Win32.Build.0 = Release|Win32
	EndGlobalSection
	GlobalSection(SolutionProperties) = preSolution
		HideSolutionNode = FALSE
	EndGlobalSection
	GlobalSection(NestedProjects) = preSolution
		{90EAAA4C-BD49-4B7E-9CA3-AB960AB3554A} = {8227C360-DD25-4D21-9303-4687139705FA}
		{8CD4C40B-68D5-4888-8D32-037EEB9E827A} = {8227C360-DD25-4D21-9303-4687139705FA}
		{6ADC3ECC-28F2-41C9-BE0B-C84C366859AD} = {8227C360-DD25-4D21-9303-4687139705FA}
		{F833EA11-3621-4FA3-ADD7-C99B8E69689D} = {0B66422A-36D5-4CA1-81D3-3EDF35435CB3}
		{3446C6DB-3491-4001-9C7C-84D9F8472CB9} = {0B66422A-36D5-4CA1-81D3-3EDF35435CB3}
		{8F571C99-1FAE-4B97-8BD5-F49FAC4D8418} = {0B66422A-36D5-4CA1-81D3-3EDF35435CB3}
		{2AC93F4E-235A-4241-95A1-BED90F583CA5} = {0B66422A-36D5-4CA1-81D3-3EDF35435CB3}
		{46DF2D9D-4E7D-49FB-98B2-1899451D203D} = {A43CBD57-0A08-4E5A-80EB-5D0E4324E5BC}
		{4D9BEC74-98F3-4756-A1B9-A2A4D43EDAAB} = {A43CBD57-0A08-4E5A-80EB-5D0E4324E5BC}
	EndGlobalSection
EndGlobal
