
Microsoft Visual Studio Solution File, Format Version 10.00
# Visual Studio 2008
Project("{8BC9CEB8-8B4A-11D0-8D11-00A0C91BC942}") = "rose", "rose\rose.vcproj", "{DDDB6AB4-2D1C-4F1A-93B6-6305E10A9CE6}"
EndProject
Global
	GlobalSection(SolutionConfigurationPlatforms) = preSolution
		Debug|Win32 = Debug|Win32
		Release|Win32 = Release|Win32
	EndGlobalSection
	GlobalSection(ProjectConfigurationPlatforms) = postSolution
		{DDDB6AB4-2D1C-4F1A-93B6-6305E10A9CE6}.Debug|Win32.ActiveCfg = Debug|Win32
		{DDDB6AB4-2D1C-4F1A-93B6-6305E10A9CE6}.Debug|Win32.Build.0 = Debug|Win32
		{DDDB6AB4-2D1C-4F1A-93B6-6305E10A9CE6}.Release|Win32.ActiveCfg = Release|Win32
		{DDDB6AB4-2D1C-4F1A-93B6-6305E10A9CE6}.Release|Win32.Build.0 = Release|Win32
	EndGlobalSection
	GlobalSection(SolutionProperties) = preSolution
		HideSolutionNode = FALSE
	EndGlobalSection
EndGlobal
