<?xml version="1.0" encoding="utf-8"?>
<Project ToolsVersion="4.0" xmlns="http://schemas.microsoft.com/developer/msbuild/2003">
  <ItemGroup>
    <Filter Include="源文件">
      <UniqueIdentifier>{4FC737F1-C7A5-4376-A066-2A32D752A2FF}</UniqueIdentifier>
      <Extensions>cpp;c;cc;cxx;def;odl;idl;hpj;bat;asm;asmx</Extensions>
    </Filter>
    <Filter Include="头文件">
      <UniqueIdentifier>{93995380-89BD-4b04-88EB-625FBE52EBFB}</UniqueIdentifier>
      <Extensions>h;hpp;hxx;hm;inl;inc;xsd</Extensions>
    </Filter>
    <Filter Include="资源文件">
      <UniqueIdentifier>{67DA6AB6-F800-4c08-8B7A-83BB121AAD01}</UniqueIdentifier>
      <Extensions>rc;ico;cur;bmp;dlg;rc2;rct;bin;rgs;gif;jpg;jpeg;jpe;resx;tiff;tif;png;wav;mfcribbon-ms</Extensions>
    </Filter>
    <Filter Include="sqlite">
      <UniqueIdentifier>{8f5c8bb4-1d3c-4f9b-99d6-e89050c440e6}</UniqueIdentifier>
    </Filter>
    <Filter Include="文件操作">
      <UniqueIdentifier>{63c5a21e-dc83-46a4-aa6f-060e80916e57}</UniqueIdentifier>
    </Filter>
    <Filter Include="虚拟列表">
      <UniqueIdentifier>{81d567a4-d61e-4d78-a67e-0626f68e0ce9}</UniqueIdentifier>
    </Filter>
    <Filter Include="ThreadPool">
      <UniqueIdentifier>{b89120f8-7f65-4e86-b693-61354546d9ae}</UniqueIdentifier>
    </Filter>
    <Filter Include="文件监控">
      <UniqueIdentifier>{7db31c8d-7ba8-4cd2-a5cd-6d1be36f4340}</UniqueIdentifier>
    </Filter>
    <Filter Include="日志">
      <UniqueIdentifier>{b1f246ea-0065-4fa9-acf8-65f7973cb376}</UniqueIdentifier>
    </Filter>
  </ItemGroup>
  <ItemGroup>
    <None Include="ReadMe.txt" />
    <None Include="UserImages.bmp">
      <Filter>资源文件</Filter>
    </None>
    <None Include="res\FileManager.rc2">
      <Filter>资源文件</Filter>
    </None>
    <None Include="res\FileManager.ico">
      <Filter>资源文件</Filter>
    </None>
    <None Include="res\scan.ico">
      <Filter>资源文件</Filter>
    </None>
  </ItemGroup>
  <ItemGroup>
    <ClInclude Include="FileManager.h">
      <Filter>头文件</Filter>
    </ClInclude>
    <ClInclude Include="FileManagerDlg.h">
      <Filter>头文件</Filter>
    </ClInclude>
    <ClInclude Include="stdafx.h">
      <Filter>头文件</Filter>
    </ClInclude>
    <ClInclude Include="Resource.h">
      <Filter>头文件</Filter>
    </ClInclude>
    <ClInclude Include="SqliteBase.h">
      <Filter>sqlite</Filter>
    </ClInclude>
    <ClInclude Include="CodeFunc.h">
      <Filter>sqlite</Filter>
    </ClInclude>
    <ClInclude Include="FilePro.h">
      <Filter>文件操作</Filter>
    </ClInclude>
    <ClInclude Include="ShellContextMenu.h">
      <Filter>头文件</Filter>
    </ClInclude>
    <ClInclude Include="VirtualList.h">
      <Filter>虚拟列表</Filter>
    </ClInclude>
    <ClInclude Include="..\ThreadPool\PoolThread.h">
      <Filter>ThreadPool</Filter>
    </ClInclude>
    <ClInclude Include="..\ThreadPool\TaskBase.h">
      <Filter>ThreadPool</Filter>
    </ClInclude>
    <ClInclude Include="..\ThreadPool\ThreadPoolManager.h">
      <Filter>ThreadPool</Filter>
    </ClInclude>
    <ClInclude Include="MonitorDiskTask.h">
      <Filter>文件监控</Filter>
    </ClInclude>
    <ClInclude Include="WriteMonitorResult.h">
      <Filter>文件监控</Filter>
    </ClInclude>
    <ClInclude Include="LogTools.h">
      <Filter>日志</Filter>
    </ClInclude>
    <ClInclude Include="CrashHandler.h">
      <Filter>头文件</Filter>
    </ClInclude>
    <ClInclude Include="FileManagerUnity.h">
      <Filter>头文件</Filter>
    </ClInclude>
  </ItemGroup>
  <ItemGroup>
    <ClCompile Include="FileManager.cpp">
      <Filter>源文件</Filter>
    </ClCompile>
    <ClCompile Include="FileManagerDlg.cpp">
      <Filter>源文件</Filter>
    </ClCompile>
    <ClCompile Include="stdafx.cpp">
      <Filter>源文件</Filter>
    </ClCompile>
    <ClCompile Include="SqliteBase.cpp">
      <Filter>sqlite</Filter>
    </ClCompile>
    <ClCompile Include="CodeFunc.cpp">
      <Filter>sqlite</Filter>
    </ClCompile>
    <ClCompile Include="FilePro.cpp">
      <Filter>文件操作</Filter>
    </ClCompile>
    <ClCompile Include="ShellContextMenu.cpp">
      <Filter>源文件</Filter>
    </ClCompile>
    <ClCompile Include="VirtualList.cpp">
      <Filter>虚拟列表</Filter>
    </ClCompile>
    <ClCompile Include="..\ThreadPool\PoolThread.cpp">
      <Filter>ThreadPool</Filter>
    </ClCompile>
    <ClCompile Include="..\ThreadPool\TaskBase.cpp">
      <Filter>ThreadPool</Filter>
    </ClCompile>
    <ClCompile Include="..\ThreadPool\ThreadPoolManager.cpp">
      <Filter>ThreadPool</Filter>
    </ClCompile>
    <ClCompile Include="MonitorDiskTask.cpp">
      <Filter>文件监控</Filter>
    </ClCompile>
    <ClCompile Include="WriteMonitorResult.cpp">
      <Filter>文件监控</Filter>
    </ClCompile>
    <ClCompile Include="LogTools.cpp">
      <Filter>日志</Filter>
    </ClCompile>
    <ClCompile Include="CrashHandler.cpp">
      <Filter>源文件</Filter>
    </ClCompile>
    <ClCompile Include="FileManagerUnity.cpp">
      <Filter>源文件</Filter>
    </ClCompile>
  </ItemGroup>
  <ItemGroup>
    <ResourceCompile Include="FileManager.rc">
      <Filter>资源文件</Filter>
    </ResourceCompile>
  </ItemGroup>
</Project>