
Microsoft Visual Studio Solution File, Format Version 10.00
# Visual Studio 2008
Project("{8BC9CEB8-8B4A-11D0-8D11-00A0C91BC942}") = "TreeCtrlDemo", "TreeCtrlDemo\TreeCtrlDemo.vcproj", "{7198F3D8-7DF0-44EE-8A40-5301C7A18EEE}"
EndProject
Global
	GlobalSection(SolutionConfigurationPlatforms) = preSolution
		Debug|Win32 = Debug|Win32
		Release|Win32 = Release|Win32
	EndGlobalSection
	GlobalSection(ProjectConfigurationPlatforms) = postSolution
		{7198F3D8-7DF0-44EE-8A40-5301C7A18EEE}.Debug|Win32.ActiveCfg = Debug|Win32
		{7198F3D8-7DF0-44EE-8A40-5301C7A18EEE}.Debug|Win32.Build.0 = Debug|Win32
		{7198F3D8-7DF0-44EE-8A40-5301C7A18EEE}.Release|Win32.ActiveCfg = Release|Win32
		{7198F3D8-7DF0-44EE-8A40-5301C7A18EEE}.Release|Win32.Build.0 = Release|Win32
	EndGlobalSection
	GlobalSection(SolutionProperties) = preSolution
		HideSolutionNode = FALSE
	EndGlobalSection
EndGlobal
