<?xml version="1.0" encoding="utf-8"?>
<Project ToolsVersion="4.0" xmlns="http://schemas.microsoft.com/developer/msbuild/2003">
  <ItemGroup>
    <Filter Include="源文件">
      <UniqueIdentifier>{4FC737F1-C7A5-4376-A066-2A32D752A2FF}</UniqueIdentifier>
      <Extensions>cpp;c;cc;cxx;def;odl;idl;hpj;bat;asm;asmx</Extensions>
    </Filter>
    <Filter Include="头文件">
      <UniqueIdentifier>{93995380-89BD-4b04-88EB-625FBE52EBFB}</UniqueIdentifier>
      <Extensions>h;hpp;hxx;hm;inl;inc;xsd</Extensions>
    </Filter>
    <Filter Include="资源文件">
      <UniqueIdentifier>{67DA6AB6-F800-4c08-8B7A-83BB121AAD01}</UniqueIdentifier>
      <Extensions>rc;ico;cur;bmp;dlg;rc2;rct;bin;rgs;gif;jpg;jpeg;jpe;resx;tiff;tif;png;wav;mfcribbon-ms</Extensions>
    </Filter>
    <Filter Include="core">
      <UniqueIdentifier>{269c2f0a-3e48-48eb-9fc8-d681c4f498bd}</UniqueIdentifier>
    </Filter>
  </ItemGroup>
  <ItemGroup>
    <None Include="ReadMe.txt" />
    <None Include="res\CookieUser.rc2">
      <Filter>资源文件</Filter>
    </None>
    <None Include="res\CookieUserDoc.ico">
      <Filter>资源文件</Filter>
    </None>
    <None Include="res\CookieUser.ico">
      <Filter>资源文件</Filter>
    </None>
  </ItemGroup>
  <ItemGroup>
    <ClInclude Include="CookieUser.h">
      <Filter>头文件</Filter>
    </ClInclude>
    <ClInclude Include="stdafx.h">
      <Filter>头文件</Filter>
    </ClInclude>
    <ClInclude Include="targetver.h">
      <Filter>头文件</Filter>
    </ClInclude>
    <ClInclude Include="MainFrm.h">
      <Filter>头文件</Filter>
    </ClInclude>
    <ClInclude Include="CookieUserDoc.h">
      <Filter>头文件</Filter>
    </ClInclude>
    <ClInclude Include="CookieUserView.h">
      <Filter>头文件</Filter>
    </ClInclude>
    <ClInclude Include="Resource.h">
      <Filter>头文件</Filter>
    </ClInclude>
    <ClInclude Include="..\common\APIHook.h">
      <Filter>core</Filter>
    </ClInclude>
    <ClInclude Include="..\common\AppFunc.h">
      <Filter>core</Filter>
    </ClInclude>
    <ClInclude Include="..\common\CmnHdr.h">
      <Filter>core</Filter>
    </ClInclude>
    <ClInclude Include="..\common\KeyCode.h">
      <Filter>core</Filter>
    </ClInclude>
    <ClInclude Include="..\common\LogTools.h">
      <Filter>core</Filter>
    </ClInclude>
    <ClInclude Include="..\common\PtrVectorHeader.h">
      <Filter>core</Filter>
    </ClInclude>
    <ClInclude Include="..\common\StlHeader.h">
      <Filter>core</Filter>
    </ClInclude>
    <ClInclude Include="..\common\Toolhelp.h">
      <Filter>core</Filter>
    </ClInclude>
    <ClInclude Include="..\common\UsrDefine.h">
      <Filter>core</Filter>
    </ClInclude>
  </ItemGroup>
  <ItemGroup>
    <ClCompile Include="CookieUser.cpp">
      <Filter>源文件</Filter>
    </ClCompile>
    <ClCompile Include="stdafx.cpp">
      <Filter>源文件</Filter>
    </ClCompile>
    <ClCompile Include="MainFrm.cpp">
      <Filter>源文件</Filter>
    </ClCompile>
    <ClCompile Include="CookieUserDoc.cpp">
      <Filter>源文件</Filter>
    </ClCompile>
    <ClCompile Include="CookieUserView.cpp">
      <Filter>源文件</Filter>
    </ClCompile>
    <ClCompile Include="..\common\AppFunc.cpp">
      <Filter>core</Filter>
    </ClCompile>
    <ClCompile Include="..\common\KeyCode.cpp">
      <Filter>core</Filter>
    </ClCompile>
    <ClCompile Include="..\common\LogTools.cpp">
      <Filter>core</Filter>
    </ClCompile>
    <ClCompile Include="..\common\APIHook.cpp">
      <Filter>core</Filter>
    </ClCompile>
  </ItemGroup>
  <ItemGroup>
    <ResourceCompile Include="CookieUser.rc">
      <Filter>资源文件</Filter>
    </ResourceCompile>
  </ItemGroup>
</Project>