
Microsoft Visual Studio Solution File, Format Version 10.00
# Visual Studio 2008
Project("{8BC9CEB8-8B4A-11D0-8D11-00A0C91BC942}") = "ServiceInfoMonitor", "ServiceInfoMonitor\ServiceInfoMonitor.vcproj", "{41EE40C6-C4B3-4927-BDD7-F25ED67F784E}"
EndProject
Project("{8BC9CEB8-8B4A-11D0-8D11-00A0C91BC942}") = "WatchClient", "WatchClient\WatchClient.vcproj", "{EAEB0880-674C-48E3-83E4-45117DB765FA}"
EndProject
Global
	GlobalSection(SolutionConfigurationPlatforms) = preSolution
		Debug|Win32 = Debug|Win32
		Release|Win32 = Release|Win32
	EndGlobalSection
	GlobalSection(ProjectConfigurationPlatforms) = postSolution
		{41EE40C6-C4B3-4927-BDD7-F25ED67F784E}.Debug|Win32.ActiveCfg = Debug|Win32
		{41EE40C6-C4B3-4927-BDD7-F25ED67F784E}.Debug|Win32.Build.0 = Debug|Win32
		{41EE40C6-C4B3-4927-BDD7-F25ED67F784E}.Release|Win32.ActiveCfg = Release|Win32
		{41EE40C6-C4B3-4927-BDD7-F25ED67F784E}.Release|Win32.Build.0 = Release|Win32
		{EAEB0880-674C-48E3-83E4-45117DB765FA}.Debug|Win32.ActiveCfg = Debug|Win32
		{EAEB0880-674C-48E3-83E4-45117DB765FA}.Debug|Win32.Build.0 = Debug|Win32
		{EAEB0880-674C-48E3-83E4-45117DB765FA}.Release|Win32.ActiveCfg = Release|Win32
		{EAEB0880-674C-48E3-83E4-45117DB765FA}.Release|Win32.Build.0 = Release|Win32
	EndGlobalSection
	GlobalSection(SolutionProperties) = preSolution
		HideSolutionNode = FALSE
	EndGlobalSection
EndGlobal
