<?xml version="1.0" encoding="utf-8"?>
<Project ToolsVersion="4.0" xmlns="http://schemas.microsoft.com/developer/msbuild/2003">
  <ItemGroup>
    <Filter Include="源文件">
      <UniqueIdentifier>{5e9e8076-34f1-4098-a153-cfcdc2c411f7}</UniqueIdentifier>
    </Filter>
    <Filter Include="生成的文件">
      <UniqueIdentifier>{c9090948-7d4e-4b2f-829b-a68e7c9878d1}</UniqueIdentifier>
      <SourceControlFiles>False</SourceControlFiles>
    </Filter>
  </ItemGroup>
  <ItemGroup>
    <None Include="FileProUnityps.def" />
  </ItemGroup>
  <ItemGroup>
    <ClCompile Include="FileProUnity_i.c">
      <Filter>生成的文件</Filter>
    </ClCompile>
    <ClCompile Include="FileProUnity_p.c">
      <Filter>生成的文件</Filter>
    </ClCompile>
    <ClCompile Include="dlldata.c">
      <Filter>生成的文件</Filter>
    </ClCompile>
  </ItemGroup>
</Project>