
Microsoft Visual Studio Solution File, Format Version 10.00
# Visual Studio 2008
Project("{8BC9CEB8-8B4A-11D0-8D11-00A0C91BC942}") = "palette", "第3章  对话框进阶\palette\palette.vcproj", "{708662C0-DC86-37D3-973F-A0ABCD3529AA}"
EndProject
Project("{8BC9CEB8-8B4A-11D0-8D11-00A0C91BC942}") = "digiclock", "第3章  对话框进阶\digiclock\digiclock.vcproj", "{981DED7E-B064-3C94-BF1E-24B4F2B6E09A}"
EndProject
Project("{8BC9CEB8-8B4A-11D0-8D11-00A0C91BC942}") = "extension", "第3章  对话框进阶\extension\extension.vcproj", "{9BB3382E-99CF-37BE-AC3D-6FE5F8BCB8EB}"
EndProject
Project("{8BC9CEB8-8B4A-11D0-8D11-00A0C91BC942}") = "fader", "第3章  对话框进阶\fader\fader.vcproj", "{2804A899-F4AA-351E-B63F-B21A75376802}"
EndProject
Project("{8BC9CEB8-8B4A-11D0-8D11-00A0C91BC942}") = "shapewidget", "第3章  对话框进阶\shapewidget\shapewidget.vcproj", "{0DBBCBF8-03B8-394C-906C-E0CA0FE75148}"
EndProject
Project("{8BC9CEB8-8B4A-11D0-8D11-00A0C91BC942}") = "splash", "第3章  对话框进阶\splash\splash.vcproj", "{317321C5-0AF6-3245-9111-433BA44A7E9F}"
EndProject
Global
	GlobalSection(SolutionConfigurationPlatforms) = preSolution
		debug|Win32 = debug|Win32
		Release|Win32 = Release|Win32
	EndGlobalSection
	GlobalSection(ProjectConfigurationPlatforms) = postSolution
		{708662C0-DC86-37D3-973F-A0ABCD3529AA}.debug|Win32.ActiveCfg = debug|Win32
		{708662C0-DC86-37D3-973F-A0ABCD3529AA}.debug|Win32.Build.0 = debug|Win32
		{708662C0-DC86-37D3-973F-A0ABCD3529AA}.Release|Win32.ActiveCfg = Release|Win32
		{708662C0-DC86-37D3-973F-A0ABCD3529AA}.Release|Win32.Build.0 = Release|Win32
		{981DED7E-B064-3C94-BF1E-24B4F2B6E09A}.debug|Win32.ActiveCfg = debug|Win32
		{981DED7E-B064-3C94-BF1E-24B4F2B6E09A}.debug|Win32.Build.0 = debug|Win32
		{981DED7E-B064-3C94-BF1E-24B4F2B6E09A}.Release|Win32.ActiveCfg = Release|Win32
		{981DED7E-B064-3C94-BF1E-24B4F2B6E09A}.Release|Win32.Build.0 = Release|Win32
		{9BB3382E-99CF-37BE-AC3D-6FE5F8BCB8EB}.debug|Win32.ActiveCfg = debug|Win32
		{9BB3382E-99CF-37BE-AC3D-6FE5F8BCB8EB}.debug|Win32.Build.0 = debug|Win32
		{9BB3382E-99CF-37BE-AC3D-6FE5F8BCB8EB}.Release|Win32.ActiveCfg = Release|Win32
		{9BB3382E-99CF-37BE-AC3D-6FE5F8BCB8EB}.Release|Win32.Build.0 = Release|Win32
		{2804A899-F4AA-351E-B63F-B21A75376802}.debug|Win32.ActiveCfg = debug|Win32
		{2804A899-F4AA-351E-B63F-B21A75376802}.debug|Win32.Build.0 = debug|Win32
		{2804A899-F4AA-351E-B63F-B21A75376802}.Release|Win32.ActiveCfg = Release|Win32
		{2804A899-F4AA-351E-B63F-B21A75376802}.Release|Win32.Build.0 = Release|Win32
		{0DBBCBF8-03B8-394C-906C-E0CA0FE75148}.debug|Win32.ActiveCfg = debug|Win32
		{0DBBCBF8-03B8-394C-906C-E0CA0FE75148}.debug|Win32.Build.0 = debug|Win32
		{0DBBCBF8-03B8-394C-906C-E0CA0FE75148}.Release|Win32.ActiveCfg = Release|Win32
		{0DBBCBF8-03B8-394C-906C-E0CA0FE75148}.Release|Win32.Build.0 = Release|Win32
		{317321C5-0AF6-3245-9111-433BA44A7E9F}.debug|Win32.ActiveCfg = debug|Win32
		{317321C5-0AF6-3245-9111-433BA44A7E9F}.debug|Win32.Build.0 = debug|Win32
		{317321C5-0AF6-3245-9111-433BA44A7E9F}.Release|Win32.ActiveCfg = Release|Win32
		{317321C5-0AF6-3245-9111-433BA44A7E9F}.Release|Win32.Build.0 = Release|Win32
	EndGlobalSection
	GlobalSection(SolutionProperties) = preSolution
		HideSolutionNode = FALSE
	EndGlobalSection
EndGlobal
