
Microsoft Visual Studio Solution File, Format Version 10.00
# Visual Studio 2008
Project("{8BC9CEB8-8B4A-11D0-8D11-00A0C91BC942}") = "FunnyGame", "FunnyGame\FunnyGame.vcproj", "{D07853B7-1A2B-4D7E-81EA-EBA57D88EC64}"
EndProject
Global
	GlobalSection(SolutionConfigurationPlatforms) = preSolution
		Debug|Win32 = Debug|Win32
		Release|Win32 = Release|Win32
	EndGlobalSection
	GlobalSection(ProjectConfigurationPlatforms) = postSolution
		{D07853B7-1A2B-4D7E-81EA-EBA57D88EC64}.Debug|Win32.ActiveCfg = Debug|Win32
		{D07853B7-1A2B-4D7E-81EA-EBA57D88EC64}.Debug|Win32.Build.0 = Debug|Win32
		{D07853B7-1A2B-4D7E-81EA-EBA57D88EC64}.Release|Win32.ActiveCfg = Release|Win32
		{D07853B7-1A2B-4D7E-81EA-EBA57D88EC64}.Release|Win32.Build.0 = Release|Win32
	EndGlobalSection
	GlobalSection(SolutionProperties) = preSolution
		HideSolutionNode = FALSE
	EndGlobalSection
EndGlobal
