<?xml version="1.0" encoding="utf-8"?>
<Project ToolsVersion="4.0" xmlns="http://schemas.microsoft.com/developer/msbuild/2003">
  <ItemGroup>
    <ClCompile Include="ServerMain.cpp" />
    <ClCompile Include="MyClass.cpp" />
    <ClCompile Include="IceCore.cpp" />
  </ItemGroup>
  <ItemGroup>
    <ClInclude Include="MyClass.h" />
    <ClInclude Include="IceCore.h" />
  </ItemGroup>
  <ItemGroup>
    <None Include="..\IceCore.ice" />
  </ItemGroup>
</Project>