
Microsoft Visual Studio Solution File, Format Version 10.00
# Visual Studio 2008
Project("{8BC9CEB8-8B4A-11D0-8D11-00A0C91BC942}") = "XXR-good-并行测试PCA", "XXR-good-并行测试PCA.vcproj", "{90EAAA4C-BD49-4B7E-9CA3-AB960AB3554A}"
EndProject
Global
	GlobalSection(SolutionConfigurationPlatforms) = preSolution
		Debug|Win32 = Debug|Win32
		Release|Win32 = Release|Win32
	EndGlobalSection
	GlobalSection(ProjectConfigurationPlatforms) = postSolution
		{90EAAA4C-BD49-4B7E-9CA3-AB960AB3554A}.Debug|Win32.ActiveCfg = Debug|Win32
		{90EAAA4C-BD49-4B7E-9CA3-AB960AB3554A}.Debug|Win32.Build.0 = Debug|Win32
		{90EAAA4C-BD49-4B7E-9CA3-AB960AB3554A}.Release|Win32.ActiveCfg = Release|Win32
		{90EAAA4C-BD49-4B7E-9CA3-AB960AB3554A}.Release|Win32.Build.0 = Release|Win32
	EndGlobalSection
	GlobalSection(SolutionProperties) = preSolution
		HideSolutionNode = FALSE
	EndGlobalSection
EndGlobal
